lockfileVersion: '9.0'

settings:
  autoInstallPeers: true
  excludeLinksFromLockfile: false

importers:

  .:
    dependencies:
      '@hono/node-server':
        specifier: ^1.19.7
        version: 1.19.7(hono@4.11.1)
      argon2:
        specifier: ^0.44.0
        version: 0.44.0
      dotenv:
        specifier: ^17.2.3
        version: 17.2.3
      hono:
        specifier: ^4.11.1
        version: 4.11.1
      mariadb:
        specifier: ^3.4.5
        version: 3.4.5
      ulid:
        specifier: ^3.0.2
        version: 3.0.2

packages:

  '@epic-web/invariant@1.0.0':
    resolution: {integrity: sha512-lrTPqgvfFQtR/eY/qkIzp98OGdNJu0m5ji3q/nJI8v3SXkRKEnWiOxMmbvcSoAIzv/cGiuvRy57k4suKQSAdwA==}

  '@hono/node-server@1.19.7':
    resolution: {integrity: sha512-vUcD0uauS7EU2caukW8z5lJKtoGMokxNbJtBiwHgpqxEXokaHCBkQUmCHhjFB1VUTWdqj25QoMkMKzgjq+uhrw==}
    engines: {node: '>=18.14.1'}
    peerDependencies:
      hono: ^4

  '@phc/format@1.0.0':
    resolution: {integrity: sha512-m7X9U6BG2+J+R1lSOdCiITLLrxm+cWlNI3HUFA92oLO77ObGNzaKdh8pMLqdZcshtkKuV84olNNXDfMc4FezBQ==}
    engines: {node: '>=10'}

  '@types/geojson@7946.0.16':
    resolution: {integrity: sha512-6C8nqWur3j98U6+lXDfTUWIfgvZU+EumvpHKcYjujKH7woYyLj2sUmff0tRhrqM7BohUw7Pz3ZB1jj2gW9Fvmg==}

  '@types/node@24.10.4':
    resolution: {integrity: sha512-vnDVpYPMzs4wunl27jHrfmwojOGKya0xyM3sH+UE5iv5uPS6vX7UIoh6m+vQc5LGBq52HBKPIn/zcSZVzeDEZg==}

  argon2@0.44.0:
    resolution: {integrity: sha512-zHPGN3S55sihSQo0dBbK0A5qpi2R31z7HZDZnry3ifOyj8bZZnpZND2gpmhnRGO1V/d555RwBqIK5W4Mrmv3ig==}
    engines: {node: '>=16.17.0'}

  cross-env@10.1.0:
    resolution: {integrity: sha512-GsYosgnACZTADcmEyJctkJIoqAhHjttw7RsFrVoJNXbsWWqaq6Ym+7kZjq6mS45O0jij6vtiReppKQEtqWy6Dw==}
    engines: {node: '>=20'}
    hasBin: true

  cross-spawn@7.0.6:
    resolution: {integrity: sha512-uV2QOWP2nWzsy2aMp8aRibhi9dlzF5Hgh5SHaB9OiTGEyDTiJJyx0uy51QXdyWbtAHNua4XJzUKca3OzKUd3vA==}
    engines: {node: '>= 8'}

  denque@2.1.0:
    resolution: {integrity: sha512-HVQE3AAb/pxF8fQAoiqpvg9i3evqug3hoiwakOyZAwJm+6vZehbkYXZ0l4JxS+I3QxM97v5aaRNhj8v5oBhekw==}
    engines: {node: '>=0.10'}

  dotenv@17.2.3:
    resolution: {integrity: sha512-JVUnt+DUIzu87TABbhPmNfVdBDt18BLOWjMUFJMSi/Qqg7NTYtabbvSNJGOJ7afbRuv9D/lngizHtP7QyLQ+9w==}
    engines: {node: '>=12'}

  hono@4.11.1:
    resolution: {integrity: sha512-KsFcH0xxHes0J4zaQgWbYwmz3UPOOskdqZmItstUG93+Wk1ePBLkLGwbP9zlmh1BFUiL8Qp+Xfu9P7feJWpGNg==}
    engines: {node: '>=16.9.0'}

  iconv-lite@0.6.3:
    resolution: {integrity: sha512-4fCk79wshMdzMp2rH06qWrJE4iolqLhCUH+OiuIgU++RB0+94NlDL81atO7GX55uUKueo0txHNtvEyI6D7WdMw==}
    engines: {node: '>=0.10.0'}

  isexe@2.0.0:
    resolution: {integrity: sha512-RHxMLp9lnKHGHRng9QFhRCMbYAcVpn69smSGcq3f36xjgVVWThj4qqLbTLlq7Ssj8B+fIQ1EuCEGI2lKsyQeIw==}

  lru-cache@10.4.3:
    resolution: {integrity: sha512-JNAzZcXrCt42VGLuYz0zfAzDfAvJWW6AfYlDBQyDV5DClI2m5sAmK+OIO7s59XfsRsWHp02jAJrRadPRGTt6SQ==}

  mariadb@3.4.5:
    resolution: {integrity: sha512-gThTYkhIS5rRqkVr+Y0cIdzr+GRqJ9sA2Q34e0yzmyhMCwyApf3OKAC1jnF23aSlIOqJuyaUFUcj7O1qZslmmQ==}
    engines: {node: '>= 14'}

  node-addon-api@8.5.0:
    resolution: {integrity: sha512-/bRZty2mXUIFY/xU5HLvveNHlswNJej+RnxBjOMkidWfwZzgTbPG1E3K5TOxRLOR+5hX7bSofy8yf1hZevMS8A==}
    engines: {node: ^18 || ^20 || >= 21}

  node-gyp-build@4.8.4:
    resolution: {integrity: sha512-LA4ZjwlnUblHVgq0oBF3Jl/6h/Nvs5fzBLwdEF4nuxnFdsfajde4WfxtJr3CaiH+F6ewcIB/q4jQ4UzPyid+CQ==}
    hasBin: true

  path-key@3.1.1:
    resolution: {integrity: sha512-ojmeN0qd+y0jszEtoY48r0Peq5dwMEkIlCOu6Q5f41lfkswXuKtYrhgoTpLnyIcHm24Uhqx+5Tqm2InSwLhE6Q==}
    engines: {node: '>=8'}

  safer-buffer@2.1.2:
    resolution: {integrity: sha512-YZo3K82SD7Riyi0E1EQPojLz7kpepnSQI9IyPbHHg1XXXevb5dJI7tpyN2ADxGcQbHG7vcyRHk0cbwqcQriUtg==}

  shebang-command@2.0.0:
    resolution: {integrity: sha512-kHxr2zZpYtdmrN1qDjrrX/Z1rR1kG8Dx+gkpK1G4eXmvXswmcE1hTWBWYUzlraYw1/yZp6YuDY77YtvbN0dmDA==}
    engines: {node: '>=8'}

  shebang-regex@3.0.0:
    resolution: {integrity: sha512-7++dFhtcx3353uBaq8DDR4NuxBetBzC7ZQOhmTQInHEd6bSrXdiEyzCvG07Z44UYdLShWUyXt5M/yhz8ekcb1A==}
    engines: {node: '>=8'}

  ulid@3.0.2:
    resolution: {integrity: sha512-yu26mwteFYzBAot7KVMqFGCVpsF6g8wXfJzQUHvu1no3+rRRSFcSV2nKeYvNPLD2J4b08jYBDhHUjeH0ygIl9w==}
    hasBin: true

  undici-types@7.16.0:
    resolution: {integrity: sha512-Zz+aZWSj8LE6zoxD+xrjh4VfkIG8Ya6LvYkZqtUQGJPZjYl53ypCaUwWqo7eI0x66KBGeRo+mlBEkMSeSZ38Nw==}

  which@2.0.2:
    resolution: {integrity: sha512-BLI3Tl1TW3Pvl70l3yq3Y64i+awpwXqsGBYWkkqMtnbXgrMD+yj7rhW0kuEDxzJaYXGjEW5ogapKNMEKNMjibA==}
    engines: {node: '>= 8'}
    hasBin: true

snapshots:

  '@epic-web/invariant@1.0.0': {}

  '@hono/node-server@1.19.7(hono@4.11.1)':
    dependencies:
      hono: 4.11.1

  '@phc/format@1.0.0': {}

  '@types/geojson@7946.0.16': {}

  '@types/node@24.10.4':
    dependencies:
      undici-types: 7.16.0

  argon2@0.44.0:
    dependencies:
      '@phc/format': 1.0.0
      cross-env: 10.1.0
      node-addon-api: 8.5.0
      node-gyp-build: 4.8.4

  cross-env@10.1.0:
    dependencies:
      '@epic-web/invariant': 1.0.0
      cross-spawn: 7.0.6

  cross-spawn@7.0.6:
    dependencies:
      path-key: 3.1.1
      shebang-command: 2.0.0
      which: 2.0.2

  denque@2.1.0: {}

  dotenv@17.2.3: {}

  hono@4.11.1: {}

  iconv-lite@0.6.3:
    dependencies:
      safer-buffer: 2.1.2

  isexe@2.0.0: {}

  lru-cache@10.4.3: {}

  mariadb@3.4.5:
    dependencies:
      '@types/geojson': 7946.0.16
      '@types/node': 24.10.4
      denque: 2.1.0
      iconv-lite: 0.6.3
      lru-cache: 10.4.3

  node-addon-api@8.5.0: {}

  node-gyp-build@4.8.4: {}

  path-key@3.1.1: {}

  safer-buffer@2.1.2: {}

  shebang-command@2.0.0:
    dependencies:
      shebang-regex: 3.0.0

  shebang-regex@3.0.0: {}

  ulid@3.0.2: {}

  undici-types@7.16.0: {}

  which@2.0.2:
    dependencies:
      isexe: 2.0.0
